<?xml version="1.0" encoding="utf-8"?>
<Project ToolsVersion="4.0" xmlns="http://schemas.microsoft.com/developer/msbuild/2003">
  <ItemGroup>
    <Filter Include="Source Files">
      <UniqueIdentifier>{4FC737F1-C7A5-4376-A066-2A32D752A2FF}</UniqueIdentifier>
      <Extensions>cpp;c;cc;cxx;c++;cppm;ixx;def;odl;idl;hpj;bat;asm;asmx</Extensions>
    </Filter>
    <Filter Include="Header Files">
      <UniqueIdentifier>{93995380-89BD-4b04-88EB-625FBE52EBFB}</UniqueIdentifier>
      <Extensions>h;hh;hpp;hxx;h++;hm;inl;inc;ipp;xsd</Extensions>
    </Filter>
    <Filter Include="Resource Files">
      <UniqueIdentifier>{67DA6AB6-F800-4c08-8B7A-83BB121AAD01}</UniqueIdentifier>
      <Extensions>rc;ico;cur;bmp;dlg;rc2;rct;bin;rgs;gif;jpg;jpeg;jpe;resx;tiff;tif;png;wav;mfcribbon-ms</Extensions>
    </Filter>
    <Filter Include="Header Files\common_vk">
      <UniqueIdentifier>{2182fc3e-6f23-4efc-ab39-e8ce30077e0b}</UniqueIdentifier>
    </Filter>
    <Filter Include="Source Files\common_vk">
      <UniqueIdentifier>{6f2d0622-aa45-484e-aea0-42289901ac5f}</UniqueIdentifier>
    </Filter>
    <Filter Include="Header Files\Engine">
      <UniqueIdentifier>{a15649a5-dc49-4579-97fa-d3d84315aad9}</UniqueIdentifier>
    </Filter>
    <Filter Include="Source Files\Engine">
      <UniqueIdentifier>{a70298fd-631f-45a3-9e2f-cdd85f77b174}</UniqueIdentifier>
    </Filter>
    <Filter Include="Header Files\Levels">
      <UniqueIdentifier>{80437e2f-d490-4245-ab6c-7b3138f18c81}</UniqueIdentifier>
    </Filter>
    <Filter Include="Source Files\Levels">
      <UniqueIdentifier>{464ccb17-51bd-494f-bc61-bdaedab1fecb}</UniqueIdentifier>
    </Filter>
  </ItemGroup>
  <ItemGroup>
    <ClCompile Include="common_vk\source\VKDescriptor.cpp">
      <Filter>Source Files\common_vk</Filter>
    </ClCompile>
    <ClCompile Include="common_vk\source\VkInit.cpp">
      <Filter>Source Files\common_vk</Filter>
    </ClCompile>
    <ClCompile Include="common_vk\source\VKPipeLine.cpp">
      <Filter>Source Files\common_vk</Filter>
    </ClCompile>
    <ClCompile Include="common_vk\source\VKIndexBuffer.cpp">
      <Filter>Source Files\common_vk</Filter>
    </ClCompile>
    <ClCompile Include="common_vk\source\VKTexture.cpp">
      <Filter>Source Files\common_vk</Filter>
    </ClCompile>
    <ClCompile Include="common_vk\source\VKVertexBuffer.cpp">
      <Filter>Source Files\common_vk</Filter>
    </ClCompile>
    <ClCompile Include="common_vk\source\VKRenderManager.cpp">
      <Filter>Source Files\common_vk</Filter>
    </ClCompile>
    <ClCompile Include="common_vk\source\VKShader.cpp">
      <Filter>Source Files\common_vk</Filter>
    </ClCompile>
    <ClCompile Include="common_vk\source\VKSwapChain.cpp">
      <Filter>Source Files\common_vk</Filter>
    </ClCompile>
    <ClCompile Include="Engine\source\Engine.cpp">
      <Filter>Source Files\Engine</Filter>
    </ClCompile>
    <ClCompile Include="Engine\source\GameStateManager.cpp">
      <Filter>Source Files\Engine</Filter>
    </ClCompile>
    <ClCompile Include="common_vk\source\Window.cpp">
      <Filter>Source Files\Engine</Filter>
    </ClCompile>
    <ClCompile Include="Game\levels\VerticesDemo.cpp">
      <Filter>Source Files\Levels</Filter>
    </ClCompile>
    <ClCompile Include="Engine\main.cpp" />
    <ClCompile Include="Engine\source\Texture.cpp">
      <Filter>Source Files\Engine</Filter>
    </ClCompile>
  </ItemGroup>
  <ItemGroup>
    <ClInclude Include="common_vk\include\Vertex.hpp">
      <Filter>Header Files\common_vk</Filter>
    </ClInclude>
    <ClInclude Include="common_vk\include\VKDescriptor.hpp">
      <Filter>Header Files\common_vk</Filter>
    </ClInclude>
    <ClInclude Include="common_vk\include\VKIndexBuffer.hpp">
      <Filter>Header Files\common_vk</Filter>
    </ClInclude>
    <ClInclude Include="common_vk\include\VKInit.hpp">
      <Filter>Header Files\common_vk</Filter>
    </ClInclude>
    <ClInclude Include="common_vk\include\VKPipeLine.hpp">
      <Filter>Header Files\common_vk</Filter>
    </ClInclude>
    <ClInclude Include="common_vk\include\VKRenderManager.hpp">
      <Filter>Header Files\common_vk</Filter>
    </ClInclude>
    <ClInclude Include="common_vk\include\VKShader.hpp">
      <Filter>Header Files\common_vk</Filter>
    </ClInclude>
    <ClInclude Include="common_vk\include\VKSwapChain.hpp">
      <Filter>Header Files\common_vk</Filter>
    </ClInclude>
    <ClInclude Include="common_vk\include\VKTexture.hpp">
      <Filter>Header Files\common_vk</Filter>
    </ClInclude>
    <ClInclude Include="common_vk\include\VKUniformBuffer.hpp">
      <Filter>Header Files\common_vk</Filter>
    </ClInclude>
    <ClInclude Include="common_vk\include\VKVertexBuffer.hpp">
      <Filter>Header Files\common_vk</Filter>
    </ClInclude>
    <ClInclude Include="Engine\include\Engine.hpp">
      <Filter>Header Files\Engine</Filter>
    </ClInclude>
    <ClInclude Include="Engine\include\GameState.hpp">
      <Filter>Header Files\Engine</Filter>
    </ClInclude>
    <ClInclude Include="Engine\include\GameStateManager.hpp">
      <Filter>Header Files\Engine</Filter>
    </ClInclude>
    <ClInclude Include="Engine\include\InputManager.hpp">
      <Filter>Header Files\Engine</Filter>
    </ClInclude>
    <ClInclude Include="Engine\include\Timer.hpp">
      <Filter>Header Files\Engine</Filter>
    </ClInclude>
    <ClInclude Include="common_vk\include\Window.hpp">
      <Filter>Header Files\Engine</Filter>
    </ClInclude>
    <ClInclude Include="Game\levels\VerticesDemo.hpp">
      <Filter>Header Files\Levels</Filter>
    </ClInclude>
    <ClInclude Include="Engine\include\Texture.hpp">
      <Filter>Header Files\Engine</Filter>
    </ClInclude>
  </ItemGroup>
</Project>